
Microsoft Visual Studio Solution File, Format Version 12.00
# Visual Studio Version 16
VisualStudioVersion = 16.0.30011.22
MinimumVisualStudioVersion = 10.0.40219.1
Project("{FAE04EC0-301F-11D3-BF4B-00C04F79EFBC}") = "Sample.Api", "Sample.Api\Sample.Api.csproj", "{A673FB37-1313-43BD-9632-5C2DC52B4C99}"
EndProject
Project("{FAE04EC0-301F-11D3-BF4B-00C04F79EFBC}") = "Sample.Api.Consumer", "Sample.Api.Consumer\Sample.Api.Consumer.csproj", "{6848A73D-9248-48E7-AFD2-1C608A46AA9F}"
EndProject
Global
	GlobalSection(SolutionConfigurationPlatforms) = preSolution
		Debug|Any CPU = Debug|Any CPU
		Release|Any CPU = Release|Any CPU
	EndGlobalSection
	GlobalSection(ProjectConfigurationPlatforms) = postSolution
		{A673FB37-1313-43BD-9632-5C2DC52B4C99}.Debug|Any CPU.ActiveCfg = Debug|Any CPU
		{A673FB37-1313-43BD-9632-5C2DC52B4C99}.Debug|Any CPU.Build.0 = Debug|Any CPU
		{A673FB37-1313-43BD-9632-5C2DC52B4C99}.Release|Any CPU.ActiveCfg = Release|Any CPU
		{A673FB37-1313-43BD-9632-5C2DC52B4C99}.Release|Any CPU.Build.0 = Release|Any CPU
		{6848A73D-9248-48E7-AFD2-1C608A46AA9F}.Debug|Any CPU.ActiveCfg = Debug|Any CPU
		{6848A73D-9248-48E7-AFD2-1C608A46AA9F}.Debug|Any CPU.Build.0 = Debug|Any CPU
		{6848A73D-9248-48E7-AFD2-1C608A46AA9F}.Release|Any CPU.ActiveCfg = Release|Any CPU
		{6848A73D-9248-48E7-AFD2-1C608A46AA9F}.Release|Any CPU.Build.0 = Release|Any CPU
	EndGlobalSection
	GlobalSection(SolutionProperties) = preSolution
		HideSolutionNode = FALSE
	EndGlobalSection
	GlobalSection(ExtensibilityGlobals) = postSolution
		SolutionGuid = {D7CAD5EC-9762-479C-8B6C-18D65B4F1077}
	EndGlobalSection
EndGlobal
